Microsoft Visual Studio Solution File, Format Version 11.00
# Visual Studio 2008

Project("{D78A0163-5903-7199-CB08-BF2E5D07300B}") = "Cuackeddon", "Assembly-CSharp.csproj", "{561305DA-AFF0-8CA5-CFC7-7322724BDDB3}"
EndProject
Global
	GlobalSection(SolutionConfigurationPlatforms) = preSolution
		Debug|Any CPU = Debug|Any CPU
		Release|Any CPU = Release|Any CPU
	EndGlobalSection
	GlobalSection(ProjectConfigurationPlatforms) = postSolution
		{561305DA-AFF0-8CA5-CFC7-7322724BDDB3}.Debug|Any CPU.ActiveCfg = Debug|Any CPU
		{561305DA-AFF0-8CA5-CFC7-7322724BDDB3}.Debug|Any CPU.Build.0 = Debug|Any CPU
		{561305DA-AFF0-8CA5-CFC7-7322724BDDB3}.Release|Any CPU.ActiveCfg = Release|Any CPU
		{561305DA-AFF0-8CA5-CFC7-7322724BDDB3}.Release|Any CPU.Build.0 = Release|Any CPU
	EndGlobalSection
	GlobalSection(SolutionProperties) = preSolution
		HideSolutionNode = FALSE
	EndGlobalSection
	GlobalSection(MonoDevelopProperties) = preSolution
		StartupItem = Assembly-CSharp.csproj
	EndGlobalSection
EndGlobal
